
Microsoft Visual Studio Solution File, Format Version 12.00
# Visual Studio Version 17
VisualStudioVersion = 17.0.31903.59
MinimumVisualStudioVersion = 10.0.40219.1
Project("{FAE04EC0-301F-11D3-BF4B-00C04F79EFBC}") = "Zetes.Data", "Zetes.Data\Zetes.Data.csproj", "{0C432AF9-1EAF-4E20-97CA-F52D2345BA4A}"
EndProject
Project("{FAE04EC0-301F-11D3-BF4B-00C04F79EFBC}") = "Zetes.API", "Zetes.API\Zetes.API.csproj", "{11002D8A-F82A-44EE-A4F9-5A1730A52A9B}"
EndProject
Project("{FAE04EC0-301F-11D3-BF4B-00C04F79EFBC}") = "Zetes.Tests", "Zetes.Tests\Zetes.Tests.csproj", "{69054B68-4B8B-480D-B58B-5C2588D162AF}"
EndProject
Global
	GlobalSection(SolutionConfigurationPlatforms) = preSolution
		Debug|Any CPU = Debug|Any CPU
		Release|Any CPU = Release|Any CPU
	EndGlobalSection
	GlobalSection(SolutionProperties) = preSolution
		HideSolutionNode = FALSE
	EndGlobalSection
	GlobalSection(ProjectConfigurationPlatforms) = postSolution
		{0C432AF9-1EAF-4E20-97CA-F52D2345BA4A}.Debug|Any CPU.ActiveCfg = Debug|Any CPU
		{0C432AF9-1EAF-4E20-97CA-F52D2345BA4A}.Debug|Any CPU.Build.0 = Debug|Any CPU
		{0C432AF9-1EAF-4E20-97CA-F52D2345BA4A}.Release|Any CPU.ActiveCfg = Release|Any CPU
		{0C432AF9-1EAF-4E20-97CA-F52D2345BA4A}.Release|Any CPU.Build.0 = Release|Any CPU
		{11002D8A-F82A-44EE-A4F9-5A1730A52A9B}.Debug|Any CPU.ActiveCfg = Debug|Any CPU
		{11002D8A-F82A-44EE-A4F9-5A1730A52A9B}.Debug|Any CPU.Build.0 = Debug|Any CPU
		{11002D8A-F82A-44EE-A4F9-5A1730A52A9B}.Release|Any CPU.ActiveCfg = Release|Any CPU
		{11002D8A-F82A-44EE-A4F9-5A1730A52A9B}.Release|Any CPU.Build.0 = Release|Any CPU
		{285DA950-E507-4FCE-B668-ED9F4ED99299}.Debug|Any CPU.ActiveCfg = Debug|Any CPU
		{285DA950-E507-4FCE-B668-ED9F4ED99299}.Debug|Any CPU.Build.0 = Debug|Any CPU
		{285DA950-E507-4FCE-B668-ED9F4ED99299}.Release|Any CPU.ActiveCfg = Release|Any CPU
		{285DA950-E507-4FCE-B668-ED9F4ED99299}.Release|Any CPU.Build.0 = Release|Any CPU
		{69054B68-4B8B-480D-B58B-5C2588D162AF}.Debug|Any CPU.ActiveCfg = Debug|Any CPU
		{69054B68-4B8B-480D-B58B-5C2588D162AF}.Debug|Any CPU.Build.0 = Debug|Any CPU
		{69054B68-4B8B-480D-B58B-5C2588D162AF}.Release|Any CPU.ActiveCfg = Release|Any CPU
		{69054B68-4B8B-480D-B58B-5C2588D162AF}.Release|Any CPU.Build.0 = Release|Any CPU
	EndGlobalSection
EndGlobal
